%{"cowboy": {:hex, :cowboy, "1.0.3"},
  "cowlib": {:hex, :cowlib, "1.0.1"},
  "earmark": {:hex, :earmark, "0.1.19"},
  "ex_doc": {:git, "https://github.com/elixir-lang/ex_doc.git", "3593147d6de487060eb412ec0c178b6a9f0cbe3d", []},
  "inch_ex": {:hex, :inch_ex, "0.4.0"},
  "phoenix_guides": {:git, "https://github.com/wsmoak/phoenix_guides.git", "76832c34374bd9ca7c43acae1874184c908bbdad", [branch: "ex_doc_no_rename"]},
  "phoenix_html": {:hex, :phoenix_html, "1.4.0"},
  "plug": {:hex, :plug, "1.0.2"},
  "poison": {:hex, :poison, "1.5.0"},
  "ranch": {:hex, :ranch, "1.1.0"},
  "websocket_client": {:git, "https://github.com/jeremyong/websocket_client.git", "f6892c8b55004008ce2d52be7d98b156f3e34569", []}}
